# THIS IS AN AUTOGENERATED FILE. DO NOT EDIT THIS FILE DIRECTLY.
# yarn lockfile v1


"@fortawesome/fontawesome-common-types@6.5.2":
  version "6.5.2"
  resolved "https://registry.yarnpkg.com/@fortawesome/fontawesome-common-types/-/fontawesome-common-types-6.5.2.tgz#eaf2f5699f73cef198454ebc0c414e3688898179"
  integrity sha512-gBxPg3aVO6J0kpfHNILc+NMhXnqHumFxOmjYCFfOiLZfwhnnfhtsdA2hfJlDnj+8PjAs6kKQPenOTKj3Rf7zHw==

"@fortawesome/fontawesome-svg-core@^6.5.2":
  version "6.5.2"
  resolved "https://registry.yarnpkg.com/@fortawesome/fontawesome-svg-core/-/fontawesome-svg-core-6.5.2.tgz#4b42de71e196039b0d5ccf88559b8044e3296c21"
  integrity sha512-5CdaCBGl8Rh9ohNdxeeTMxIj8oc3KNBgIeLMvJosBMdslK/UnEB8rzyDRrbKdL1kDweqBPo4GT9wvnakHWucZw==
  dependencies:
    "@fortawesome/fontawesome-common-types" "6.5.2"

"@fortawesome/free-solid-svg-icons@^6.5.2":
  version "6.5.2"
  resolved "https://registry.yarnpkg.com/@fortawesome/free-solid-svg-icons/-/free-solid-svg-icons-6.5.2.tgz#9b40b077b27400a5e9fcbf2d15b986c7be69e9ca"
  integrity sha512-QWFZYXFE7O1Gr1dTIp+D6UcFUF0qElOnZptpi7PBUMylJh+vFmIedVe1Ir6RM1t2tEQLLSV1k7bR4o92M+uqlw==
  dependencies:
    "@fortawesome/fontawesome-common-types" "6.5.2"

typescript@^5.4.5:
  version "5.4.5"
  resolved "https://registry.yarnpkg.com/typescript/-/typescript-5.4.5.tgz#42ccef2c571fdbd0f6718b1d1f5e6e5ef006f611"
  integrity sha512-vcI4UpRgg81oIRUFwR0WSIHKt11nJ7SAVlYNIu+QpqeyXP+gpQJy/Z4+F0aGxSE4MqwjyXvW/TzgkLAx2AGHwQ==
